
Microsoft Visual Studio Solution File, Format Version 12.00
# Visual Studio Version 17
VisualStudioVersion = 17.8.34330.188
MinimumVisualStudioVersion = 10.0.40219.1
Project("{FAE04EC0-301F-11D3-BF4B-00C04F79EFBC}") = "TrackerLibrary", "TrackerLibrary\TrackerLibrary.csproj", "{345CEC6F-137B-4DE7-91B6-00E9A960D865}"
EndProject
Project("{FAE04EC0-301F-11D3-BF4B-00C04F79EFBC}") = "TrackerUI", "TrackerUI\TrackerUI.csproj", "{B3C06168-B285-4504-89D1-6BF81A2119C5}"
EndProject
Global
	GlobalSection(SolutionConfigurationPlatforms) = preSolution
		Debug|Any CPU = Debug|Any CPU
		Release|Any CPU = Release|Any CPU
	EndGlobalSection
	GlobalSection(ProjectConfigurationPlatforms) = postSolution
		{345CEC6F-137B-4DE7-91B6-00E9A960D865}.Debug|Any CPU.ActiveCfg = Debug|Any CPU
		{345CEC6F-137B-4DE7-91B6-00E9A960D865}.Debug|Any CPU.Build.0 = Debug|Any CPU
		{345CEC6F-137B-4DE7-91B6-00E9A960D865}.Release|Any CPU.ActiveCfg = Release|Any CPU
		{345CEC6F-137B-4DE7-91B6-00E9A960D865}.Release|Any CPU.Build.0 = Release|Any CPU
		{B3C06168-B285-4504-89D1-6BF81A2119C5}.Debug|Any CPU.ActiveCfg = Debug|Any CPU
		{B3C06168-B285-4504-89D1-6BF81A2119C5}.Debug|Any CPU.Build.0 = Debug|Any CPU
		{B3C06168-B285-4504-89D1-6BF81A2119C5}.Release|Any CPU.ActiveCfg = Release|Any CPU
		{B3C06168-B285-4504-89D1-6BF81A2119C5}.Release|Any CPU.Build.0 = Release|Any CPU
	EndGlobalSection
	GlobalSection(SolutionProperties) = preSolution
		HideSolutionNode = FALSE
	EndGlobalSection
	GlobalSection(ExtensibilityGlobals) = postSolution
		SolutionGuid = {6DF99722-E64E-463E-A072-FD247BE60372}
	EndGlobalSection
EndGlobal
